{
  "name": "nekos.life",
  "version": "2.0.9",
  "lockfileVersion": 2,
  "requires": true,
  "packages": {
    "": {
      "name": "nekos.life",
      "version": "2.0.9",
      "license": "MIT",
      "dependencies": {
        "@aero/http": "^1.1.1"
      }
    },
    "node_modules/@aero/http": {
      "version": "1.1.1",
      "resolved": "https://registry.npmjs.org/@aero/http/-/http-1.1.1.tgz",
      "integrity": "sha512-9wjOJvP2ihYakDLYgh3/E0Zcv/hsxJMewlOiq/KLrhNOv8/ySF5uvGqwboWauhpl69DbUHLxgowEijpihPex6w==",
      "dependencies": {
        "undici": "^4.14.1"
      }
    },
    "node_modules/undici": {
      "version": "4.16.0",
      "resolved": "https://registry.npmjs.org/undici/-/undici-4.16.0.tgz",
      "integrity": "sha512-tkZSECUYi+/T1i4u+4+lwZmQgLXd4BLGlrc7KZPcLIW7Jpq99+Xpc30ONv7nS6F5UNOxp/HBZSSL9MafUrvJbw==",
      "engines": {
        "node": ">=12.18"
      }
    }
  },
  "dependencies": {
    "@aero/http": {
      "version": "1.1.1",
      "resolved": "https://registry.npmjs.org/@aero/http/-/http-1.1.1.tgz",
      "integrity": "sha512-9wjOJvP2ihYakDLYgh3/E0Zcv/hsxJMewlOiq/KLrhNOv8/ySF5uvGqwboWauhpl69DbUHLxgowEijpihPex6w==",
      "requires": {
        "undici": "^4.14.1"
      }
    },
    "undici": {
      "version": "4.16.0",
      "resolved": "https://registry.npmjs.org/undici/-/undici-4.16.0.tgz",
      "integrity": "sha512-tkZSECUYi+/T1i4u+4+lwZmQgLXd4BLGlrc7KZPcLIW7Jpq99+Xpc30ONv7nS6F5UNOxp/HBZSSL9MafUrvJbw=="
    }
  }
}
